
Microsoft Visual Studio Solution File, Format Version 12.00
# Visual Studio Version 17
VisualStudioVersion = 17.12.35707.178
MinimumVisualStudioVersion = 10.0.40219.1
Project("{FAE04EC0-301F-11D3-BF4B-00C04F79EFBC}") = "WPF_Task_10_1", "WPF_Task_10_1\WPF_Task_10_1.csproj", "{83281124-EED6-45CA-9693-E02D9065BEDF}"
EndProject
Project("{FAE04EC0-301F-11D3-BF4B-00C04F79EFBC}") = "UserControlExample", "UserControlExample\UserControlExample.csproj", "{1D3EC59A-784D-464B-A51A-26D2A50EDF22}"
EndProject
Global
	GlobalSection(SolutionConfigurationPlatforms) = preSolution
		Debug|Any CPU = Debug|Any CPU
		Release|Any CPU = Release|Any CPU
	EndGlobalSection
	GlobalSection(ProjectConfigurationPlatforms) = postSolution
		{83281124-EED6-45CA-9693-E02D9065BEDF}.Debug|Any CPU.ActiveCfg = Debug|Any CPU
		{83281124-EED6-45CA-9693-E02D9065BEDF}.Debug|Any CPU.Build.0 = Debug|Any CPU
		{83281124-EED6-45CA-9693-E02D9065BEDF}.Release|Any CPU.ActiveCfg = Release|Any CPU
		{83281124-EED6-45CA-9693-E02D9065BEDF}.Release|Any CPU.Build.0 = Release|Any CPU
		{1D3EC59A-784D-464B-A51A-26D2A50EDF22}.Debug|Any CPU.ActiveCfg = Debug|Any CPU
		{1D3EC59A-784D-464B-A51A-26D2A50EDF22}.Debug|Any CPU.Build.0 = Debug|Any CPU
		{1D3EC59A-784D-464B-A51A-26D2A50EDF22}.Release|Any CPU.ActiveCfg = Release|Any CPU
		{1D3EC59A-784D-464B-A51A-26D2A50EDF22}.Release|Any CPU.Build.0 = Release|Any CPU
	EndGlobalSection
	GlobalSection(SolutionProperties) = preSolution
		HideSolutionNode = FALSE
	EndGlobalSection
	GlobalSection(ExtensibilityGlobals) = postSolution
		SolutionGuid = {0250E63A-D0DC-4573-826E-0C3809999917}
	EndGlobalSection
EndGlobal
