
Microsoft Visual Studio Solution File, Format Version 12.00
# Visual Studio Version 17
VisualStudioVersion = 17.12.35707.178
MinimumVisualStudioVersion = 10.0.40219.1
Project("{FAE04EC0-301F-11D3-BF4B-00C04F79EFBC}") = "Task_2_1", "Task_2_1\Task_2_1.csproj", "{9E1DD957-D87E-495B-AF8E-45D3D71C1287}"
EndProject
Project("{FAE04EC0-301F-11D3-BF4B-00C04F79EFBC}") = "Task_2_2", "Task_2_2\Task_2_2.csproj", "{4A7D12FF-BD9D-4B6D-8D17-C7A2DA240907}"
EndProject
Project("{FAE04EC0-301F-11D3-BF4B-00C04F79EFBC}") = "Task_2_3", "Task_2_3\Task_2_3.csproj", "{53BC9659-D951-4F5C-B51E-50A825E950DB}"
EndProject
Project("{FAE04EC0-301F-11D3-BF4B-00C04F79EFBC}") = "Task_2_4", "Task_2_4\Task_2_4.csproj", "{7B4B4D45-FF11-40A2-A3BD-B408AFC626D6}"
EndProject
Project("{FAE04EC0-301F-11D3-BF4B-00C04F79EFBC}") = "Task_2_5", "Task_2_5\Task_2_5.csproj", "{13C5776C-1D68-4F7E-B37C-A79D90DB35FD}"
EndProject
Project("{FAE04EC0-301F-11D3-BF4B-00C04F79EFBC}") = "Task_2_6", "Task_2_6\Task_2_6.csproj", "{27B22199-FAC1-4569-B8CB-1A79FA56249D}"
EndProject
Project("{FAE04EC0-301F-11D3-BF4B-00C04F79EFBC}") = "Task_2_7", "Task_2_7\Task_2_7.csproj", "{9B55FB65-1D2B-4788-A6C1-D7FC5ECF4657}"
EndProject
Project("{FAE04EC0-301F-11D3-BF4B-00C04F79EFBC}") = "Task_3_1", "Task_3_1\Task_3_1.csproj", "{F1AE1298-EED0-4476-92C7-B9B14B5644AF}"
EndProject
Project("{FAE04EC0-301F-11D3-BF4B-00C04F79EFBC}") = "Task_3_2", "Task_3_2\Task_3_2.csproj", "{6DEF0D51-679F-4875-AF2D-5288563FE528}"
EndProject
Project("{FAE04EC0-301F-11D3-BF4B-00C04F79EFBC}") = "Task_3_3", "Task_3_3\Task_3_3.csproj", "{E30F3A56-37FA-4590-B17E-2ABA68475885}"
EndProject
Project("{FAE04EC0-301F-11D3-BF4B-00C04F79EFBC}") = "Task_3_4", "Task_3_4\Task_3_4.csproj", "{510ECD0D-7673-4D30-83A2-EAF162F6B0CB}"
EndProject
Project("{FAE04EC0-301F-11D3-BF4B-00C04F79EFBC}") = "Task_3_5-9", "Task_3_5-9\Task_3_5-9.csproj", "{66B7F908-29A8-40BF-BD5B-9CE9BDC87F3F}"
EndProject
Project("{FAE04EC0-301F-11D3-BF4B-00C04F79EFBC}") = "Task_3_10", "Task_3_10\Task_3_10.csproj", "{BD7F0180-B930-4DC7-97DD-05D6246E3963}"
EndProject
Project("{FAE04EC0-301F-11D3-BF4B-00C04F79EFBC}") = "Task_3_11", "Task_3_11\Task_3_11.csproj", "{6A635CDB-AF75-465A-9265-412FFE253B62}"
EndProject
Project("{FAE04EC0-301F-11D3-BF4B-00C04F79EFBC}") = "Task_5_1", "Task_5_1\Task_5_1.csproj", "{7784E469-CB1C-453D-BCAA-9837E46C62BE}"
EndProject
Project("{FAE04EC0-301F-11D3-BF4B-00C04F79EFBC}") = "test12", "test12\test12.csproj", "{62501739-16DB-4061-9E7E-402CE6AE6C37}"
EndProject
Project("{FAE04EC0-301F-11D3-BF4B-00C04F79EFBC}") = "Task_5_2", "Task_5_2\Task_5_2.csproj", "{EF8C0357-D591-4CFD-BD62-2C23E33EB29E}"
EndProject
Project("{FAE04EC0-301F-11D3-BF4B-00C04F79EFBC}") = "Task_5_3", "Task_5_3\Task_5_3.csproj", "{C2609600-F531-4DC7-86BF-FBBEC8728011}"
EndProject
Project("{FAE04EC0-301F-11D3-BF4B-00C04F79EFBC}") = "Task_5_4", "Task_5_4\Task_5_4.csproj", "{20B29130-0C08-4837-BD1D-358664EBB18E}"
EndProject
Project("{FAE04EC0-301F-11D3-BF4B-00C04F79EFBC}") = "Task_5_5", "Task_5_5\Task_5_5.csproj", "{E89570B9-8AB9-45F0-9C3E-1942F132D3E4}"
EndProject
Project("{FAE04EC0-301F-11D3-BF4B-00C04F79EFBC}") = "Task_5_6", "Task_5_6\Task_5_6.csproj", "{0A72AFEB-9C22-4CCC-9E10-BB67E777BE68}"
EndProject
Project("{FAE04EC0-301F-11D3-BF4B-00C04F79EFBC}") = "Task_5_7", "Task_5_7\Task_5_7.csproj", "{1F55335C-1252-4926-B967-3B98D2CB633C}"
EndProject
Project("{FAE04EC0-301F-11D3-BF4B-00C04F79EFBC}") = "Task_5_8", "Task_5_8\Task_5_8.csproj", "{4DC34330-6902-4285-8F7E-61ACEAD63F14}"
EndProject
Project("{FAE04EC0-301F-11D3-BF4B-00C04F79EFBC}") = "Task_5_9", "Task_5_9\Task_5_9.csproj", "{FE15559A-13B0-488A-971B-FB2B948035FA}"
EndProject
Project("{FAE04EC0-301F-11D3-BF4B-00C04F79EFBC}") = "Task_5_10", "Task_5_10\Task_5_10.csproj", "{FD33F861-B0EF-4E2A-850C-2ACC2FBFDE1F}"
EndProject
Project("{FAE04EC0-301F-11D3-BF4B-00C04F79EFBC}") = "test11", "test11\test11.csproj", "{8A4E82C7-8FC4-4FDE-8F5F-82EA596B4ADE}"
EndProject
Project("{FAE04EC0-301F-11D3-BF4B-00C04F79EFBC}") = "Task_6_1", "Task_6_1\Task_6_1.csproj", "{4467B48E-E6F4-49C5-AA3D-63946AC809E5}"
EndProject
Project("{FAE04EC0-301F-11D3-BF4B-00C04F79EFBC}") = "Task_6_2", "Task_6_2\Task_6_2.csproj", "{73532CE5-6E65-4B17-9E2F-20C0C962FB9C}"
EndProject
Project("{FAE04EC0-301F-11D3-BF4B-00C04F79EFBC}") = "Task_6_3", "Task_6_3\Task_6_3.csproj", "{5C1B5BA0-461D-4CAA-AE4D-0BE0C4DD5C7A}"
EndProject
Project("{FAE04EC0-301F-11D3-BF4B-00C04F79EFBC}") = "Task_6_4", "Task_6_4\Task_6_4.csproj", "{D4D22CFF-6D98-4783-8AE9-33C687B5FD7B}"
EndProject
Project("{FAE04EC0-301F-11D3-BF4B-00C04F79EFBC}") = "Task_6_5", "Task_6_5\Task_6_5.csproj", "{0C1EC1FB-A67C-469A-8D8D-7E0B1C787FD4}"
EndProject
Global
	GlobalSection(SolutionConfigurationPlatforms) = preSolution
		Debug|Any CPU = Debug|Any CPU
		Release|Any CPU = Release|Any CPU
	EndGlobalSection
	GlobalSection(ProjectConfigurationPlatforms) = postSolution
		{9E1DD957-D87E-495B-AF8E-45D3D71C1287}.Debug|Any CPU.ActiveCfg = Debug|Any CPU
		{9E1DD957-D87E-495B-AF8E-45D3D71C1287}.Debug|Any CPU.Build.0 = Debug|Any CPU
		{9E1DD957-D87E-495B-AF8E-45D3D71C1287}.Release|Any CPU.ActiveCfg = Release|Any CPU
		{9E1DD957-D87E-495B-AF8E-45D3D71C1287}.Release|Any CPU.Build.0 = Release|Any CPU
		{4A7D12FF-BD9D-4B6D-8D17-C7A2DA240907}.Debug|Any CPU.ActiveCfg = Debug|Any CPU
		{4A7D12FF-BD9D-4B6D-8D17-C7A2DA240907}.Debug|Any CPU.Build.0 = Debug|Any CPU
		{4A7D12FF-BD9D-4B6D-8D17-C7A2DA240907}.Release|Any CPU.ActiveCfg = Release|Any CPU
		{4A7D12FF-BD9D-4B6D-8D17-C7A2DA240907}.Release|Any CPU.Build.0 = Release|Any CPU
		{53BC9659-D951-4F5C-B51E-50A825E950DB}.Debug|Any CPU.ActiveCfg = Debug|Any CPU
		{53BC9659-D951-4F5C-B51E-50A825E950DB}.Debug|Any CPU.Build.0 = Debug|Any CPU
		{53BC9659-D951-4F5C-B51E-50A825E950DB}.Release|Any CPU.ActiveCfg = Release|Any CPU
		{53BC9659-D951-4F5C-B51E-50A825E950DB}.Release|Any CPU.Build.0 = Release|Any CPU
		{7B4B4D45-FF11-40A2-A3BD-B408AFC626D6}.Debug|Any CPU.ActiveCfg = Debug|Any CPU
		{7B4B4D45-FF11-40A2-A3BD-B408AFC626D6}.Debug|Any CPU.Build.0 = Debug|Any CPU
		{7B4B4D45-FF11-40A2-A3BD-B408AFC626D6}.Release|Any CPU.ActiveCfg = Release|Any CPU
		{7B4B4D45-FF11-40A2-A3BD-B408AFC626D6}.Release|Any CPU.Build.0 = Release|Any CPU
		{13C5776C-1D68-4F7E-B37C-A79D90DB35FD}.Debug|Any CPU.ActiveCfg = Debug|Any CPU
		{13C5776C-1D68-4F7E-B37C-A79D90DB35FD}.Debug|Any CPU.Build.0 = Debug|Any CPU
		{13C5776C-1D68-4F7E-B37C-A79D90DB35FD}.Release|Any CPU.ActiveCfg = Release|Any CPU
		{13C5776C-1D68-4F7E-B37C-A79D90DB35FD}.Release|Any CPU.Build.0 = Release|Any CPU
		{27B22199-FAC1-4569-B8CB-1A79FA56249D}.Debug|Any CPU.ActiveCfg = Debug|Any CPU
		{27B22199-FAC1-4569-B8CB-1A79FA56249D}.Debug|Any CPU.Build.0 = Debug|Any CPU
		{27B22199-FAC1-4569-B8CB-1A79FA56249D}.Release|Any CPU.ActiveCfg = Release|Any CPU
		{27B22199-FAC1-4569-B8CB-1A79FA56249D}.Release|Any CPU.Build.0 = Release|Any CPU
		{9B55FB65-1D2B-4788-A6C1-D7FC5ECF4657}.Debug|Any CPU.ActiveCfg = Debug|Any CPU
		{9B55FB65-1D2B-4788-A6C1-D7FC5ECF4657}.Debug|Any CPU.Build.0 = Debug|Any CPU
		{9B55FB65-1D2B-4788-A6C1-D7FC5ECF4657}.Release|Any CPU.ActiveCfg = Release|Any CPU
		{9B55FB65-1D2B-4788-A6C1-D7FC5ECF4657}.Release|Any CPU.Build.0 = Release|Any CPU
		{F1AE1298-EED0-4476-92C7-B9B14B5644AF}.Debug|Any CPU.ActiveCfg = Debug|Any CPU
		{F1AE1298-EED0-4476-92C7-B9B14B5644AF}.Debug|Any CPU.Build.0 = Debug|Any CPU
		{F1AE1298-EED0-4476-92C7-B9B14B5644AF}.Release|Any CPU.ActiveCfg = Release|Any CPU
		{F1AE1298-EED0-4476-92C7-B9B14B5644AF}.Release|Any CPU.Build.0 = Release|Any CPU
		{6DEF0D51-679F-4875-AF2D-5288563FE528}.Debug|Any CPU.ActiveCfg = Debug|Any CPU
		{6DEF0D51-679F-4875-AF2D-5288563FE528}.Debug|Any CPU.Build.0 = Debug|Any CPU
		{6DEF0D51-679F-4875-AF2D-5288563FE528}.Release|Any CPU.ActiveCfg = Release|Any CPU
		{6DEF0D51-679F-4875-AF2D-5288563FE528}.Release|Any CPU.Build.0 = Release|Any CPU
		{E30F3A56-37FA-4590-B17E-2ABA68475885}.Debug|Any CPU.ActiveCfg = Debug|Any CPU
		{E30F3A56-37FA-4590-B17E-2ABA68475885}.Debug|Any CPU.Build.0 = Debug|Any CPU
		{E30F3A56-37FA-4590-B17E-2ABA68475885}.Release|Any CPU.ActiveCfg = Release|Any CPU
		{E30F3A56-37FA-4590-B17E-2ABA68475885}.Release|Any CPU.Build.0 = Release|Any CPU
		{510ECD0D-7673-4D30-83A2-EAF162F6B0CB}.Debug|Any CPU.ActiveCfg = Debug|Any CPU
		{510ECD0D-7673-4D30-83A2-EAF162F6B0CB}.Debug|Any CPU.Build.0 = Debug|Any CPU
		{510ECD0D-7673-4D30-83A2-EAF162F6B0CB}.Release|Any CPU.ActiveCfg = Release|Any CPU
		{510ECD0D-7673-4D30-83A2-EAF162F6B0CB}.Release|Any CPU.Build.0 = Release|Any CPU
		{66B7F908-29A8-40BF-BD5B-9CE9BDC87F3F}.Debug|Any CPU.ActiveCfg = Debug|Any CPU
		{66B7F908-29A8-40BF-BD5B-9CE9BDC87F3F}.Debug|Any CPU.Build.0 = Debug|Any CPU
		{66B7F908-29A8-40BF-BD5B-9CE9BDC87F3F}.Release|Any CPU.ActiveCfg = Release|Any CPU
		{66B7F908-29A8-40BF-BD5B-9CE9BDC87F3F}.Release|Any CPU.Build.0 = Release|Any CPU
		{BD7F0180-B930-4DC7-97DD-05D6246E3963}.Debug|Any CPU.ActiveCfg = Debug|Any CPU
		{BD7F0180-B930-4DC7-97DD-05D6246E3963}.Debug|Any CPU.Build.0 = Debug|Any CPU
		{BD7F0180-B930-4DC7-97DD-05D6246E3963}.Release|Any CPU.ActiveCfg = Release|Any CPU
		{BD7F0180-B930-4DC7-97DD-05D6246E3963}.Release|Any CPU.Build.0 = Release|Any CPU
		{6A635CDB-AF75-465A-9265-412FFE253B62}.Debug|Any CPU.ActiveCfg = Debug|Any CPU
		{6A635CDB-AF75-465A-9265-412FFE253B62}.Debug|Any CPU.Build.0 = Debug|Any CPU
		{6A635CDB-AF75-465A-9265-412FFE253B62}.Release|Any CPU.ActiveCfg = Release|Any CPU
		{6A635CDB-AF75-465A-9265-412FFE253B62}.Release|Any CPU.Build.0 = Release|Any CPU
		{7784E469-CB1C-453D-BCAA-9837E46C62BE}.Debug|Any CPU.ActiveCfg = Debug|Any CPU
		{7784E469-CB1C-453D-BCAA-9837E46C62BE}.Debug|Any CPU.Build.0 = Debug|Any CPU
		{7784E469-CB1C-453D-BCAA-9837E46C62BE}.Release|Any CPU.ActiveCfg = Release|Any CPU
		{7784E469-CB1C-453D-BCAA-9837E46C62BE}.Release|Any CPU.Build.0 = Release|Any CPU
		{62501739-16DB-4061-9E7E-402CE6AE6C37}.Debug|Any CPU.ActiveCfg = Debug|Any CPU
		{62501739-16DB-4061-9E7E-402CE6AE6C37}.Debug|Any CPU.Build.0 = Debug|Any CPU
		{62501739-16DB-4061-9E7E-402CE6AE6C37}.Release|Any CPU.ActiveCfg = Release|Any CPU
		{62501739-16DB-4061-9E7E-402CE6AE6C37}.Release|Any CPU.Build.0 = Release|Any CPU
		{EF8C0357-D591-4CFD-BD62-2C23E33EB29E}.Debug|Any CPU.ActiveCfg = Debug|Any CPU
		{EF8C0357-D591-4CFD-BD62-2C23E33EB29E}.Debug|Any CPU.Build.0 = Debug|Any CPU
		{EF8C0357-D591-4CFD-BD62-2C23E33EB29E}.Release|Any CPU.ActiveCfg = Release|Any CPU
		{EF8C0357-D591-4CFD-BD62-2C23E33EB29E}.Release|Any CPU.Build.0 = Release|Any CPU
		{C2609600-F531-4DC7-86BF-FBBEC8728011}.Debug|Any CPU.ActiveCfg = Debug|Any CPU
		{C2609600-F531-4DC7-86BF-FBBEC8728011}.Debug|Any CPU.Build.0 = Debug|Any CPU
		{C2609600-F531-4DC7-86BF-FBBEC8728011}.Release|Any CPU.ActiveCfg = Release|Any CPU
		{C2609600-F531-4DC7-86BF-FBBEC8728011}.Release|Any CPU.Build.0 = Release|Any CPU
		{20B29130-0C08-4837-BD1D-358664EBB18E}.Debug|Any CPU.ActiveCfg = Debug|Any CPU
		{20B29130-0C08-4837-BD1D-358664EBB18E}.Debug|Any CPU.Build.0 = Debug|Any CPU
		{20B29130-0C08-4837-BD1D-358664EBB18E}.Release|Any CPU.ActiveCfg = Release|Any CPU
		{20B29130-0C08-4837-BD1D-358664EBB18E}.Release|Any CPU.Build.0 = Release|Any CPU
		{E89570B9-8AB9-45F0-9C3E-1942F132D3E4}.Debug|Any CPU.ActiveCfg = Debug|Any CPU
		{E89570B9-8AB9-45F0-9C3E-1942F132D3E4}.Debug|Any CPU.Build.0 = Debug|Any CPU
		{E89570B9-8AB9-45F0-9C3E-1942F132D3E4}.Release|Any CPU.ActiveCfg = Release|Any CPU
		{E89570B9-8AB9-45F0-9C3E-1942F132D3E4}.Release|Any CPU.Build.0 = Release|Any CPU
		{0A72AFEB-9C22-4CCC-9E10-BB67E777BE68}.Debug|Any CPU.ActiveCfg = Debug|Any CPU
		{0A72AFEB-9C22-4CCC-9E10-BB67E777BE68}.Debug|Any CPU.Build.0 = Debug|Any CPU
		{0A72AFEB-9C22-4CCC-9E10-BB67E777BE68}.Release|Any CPU.ActiveCfg = Release|Any CPU
		{0A72AFEB-9C22-4CCC-9E10-BB67E777BE68}.Release|Any CPU.Build.0 = Release|Any CPU
		{1F55335C-1252-4926-B967-3B98D2CB633C}.Debug|Any CPU.ActiveCfg = Debug|Any CPU
		{1F55335C-1252-4926-B967-3B98D2CB633C}.Debug|Any CPU.Build.0 = Debug|Any CPU
		{1F55335C-1252-4926-B967-3B98D2CB633C}.Release|Any CPU.ActiveCfg = Release|Any CPU
		{1F55335C-1252-4926-B967-3B98D2CB633C}.Release|Any CPU.Build.0 = Release|Any CPU
		{4DC34330-6902-4285-8F7E-61ACEAD63F14}.Debug|Any CPU.ActiveCfg = Debug|Any CPU
		{4DC34330-6902-4285-8F7E-61ACEAD63F14}.Debug|Any CPU.Build.0 = Debug|Any CPU
		{4DC34330-6902-4285-8F7E-61ACEAD63F14}.Release|Any CPU.ActiveCfg = Release|Any CPU
		{4DC34330-6902-4285-8F7E-61ACEAD63F14}.Release|Any CPU.Build.0 = Release|Any CPU
		{FE15559A-13B0-488A-971B-FB2B948035FA}.Debug|Any CPU.ActiveCfg = Debug|Any CPU
		{FE15559A-13B0-488A-971B-FB2B948035FA}.Debug|Any CPU.Build.0 = Debug|Any CPU
		{FE15559A-13B0-488A-971B-FB2B948035FA}.Release|Any CPU.ActiveCfg = Release|Any CPU
		{FE15559A-13B0-488A-971B-FB2B948035FA}.Release|Any CPU.Build.0 = Release|Any CPU
		{FD33F861-B0EF-4E2A-850C-2ACC2FBFDE1F}.Debug|Any CPU.ActiveCfg = Debug|Any CPU
		{FD33F861-B0EF-4E2A-850C-2ACC2FBFDE1F}.Debug|Any CPU.Build.0 = Debug|Any CPU
		{FD33F861-B0EF-4E2A-850C-2ACC2FBFDE1F}.Release|Any CPU.ActiveCfg = Release|Any CPU
		{FD33F861-B0EF-4E2A-850C-2ACC2FBFDE1F}.Release|Any CPU.Build.0 = Release|Any CPU
		{8A4E82C7-8FC4-4FDE-8F5F-82EA596B4ADE}.Debug|Any CPU.ActiveCfg = Debug|Any CPU
		{8A4E82C7-8FC4-4FDE-8F5F-82EA596B4ADE}.Debug|Any CPU.Build.0 = Debug|Any CPU
		{8A4E82C7-8FC4-4FDE-8F5F-82EA596B4ADE}.Release|Any CPU.ActiveCfg = Release|Any CPU
		{8A4E82C7-8FC4-4FDE-8F5F-82EA596B4ADE}.Release|Any CPU.Build.0 = Release|Any CPU
		{4467B48E-E6F4-49C5-AA3D-63946AC809E5}.Debug|Any CPU.ActiveCfg = Debug|Any CPU
		{4467B48E-E6F4-49C5-AA3D-63946AC809E5}.Debug|Any CPU.Build.0 = Debug|Any CPU
		{4467B48E-E6F4-49C5-AA3D-63946AC809E5}.Release|Any CPU.ActiveCfg = Release|Any CPU
		{4467B48E-E6F4-49C5-AA3D-63946AC809E5}.Release|Any CPU.Build.0 = Release|Any CPU
		{73532CE5-6E65-4B17-9E2F-20C0C962FB9C}.Debug|Any CPU.ActiveCfg = Debug|Any CPU
		{73532CE5-6E65-4B17-9E2F-20C0C962FB9C}.Debug|Any CPU.Build.0 = Debug|Any CPU
		{73532CE5-6E65-4B17-9E2F-20C0C962FB9C}.Release|Any CPU.ActiveCfg = Release|Any CPU
		{73532CE5-6E65-4B17-9E2F-20C0C962FB9C}.Release|Any CPU.Build.0 = Release|Any CPU
		{5C1B5BA0-461D-4CAA-AE4D-0BE0C4DD5C7A}.Debug|Any CPU.ActiveCfg = Debug|Any CPU
		{5C1B5BA0-461D-4CAA-AE4D-0BE0C4DD5C7A}.Debug|Any CPU.Build.0 = Debug|Any CPU
		{5C1B5BA0-461D-4CAA-AE4D-0BE0C4DD5C7A}.Release|Any CPU.ActiveCfg = Release|Any CPU
		{5C1B5BA0-461D-4CAA-AE4D-0BE0C4DD5C7A}.Release|Any CPU.Build.0 = Release|Any CPU
		{D4D22CFF-6D98-4783-8AE9-33C687B5FD7B}.Debug|Any CPU.ActiveCfg = Debug|Any CPU
		{D4D22CFF-6D98-4783-8AE9-33C687B5FD7B}.Debug|Any CPU.Build.0 = Debug|Any CPU
		{D4D22CFF-6D98-4783-8AE9-33C687B5FD7B}.Release|Any CPU.ActiveCfg = Release|Any CPU
		{D4D22CFF-6D98-4783-8AE9-33C687B5FD7B}.Release|Any CPU.Build.0 = Release|Any CPU
		{0C1EC1FB-A67C-469A-8D8D-7E0B1C787FD4}.Debug|Any CPU.ActiveCfg = Debug|Any CPU
		{0C1EC1FB-A67C-469A-8D8D-7E0B1C787FD4}.Debug|Any CPU.Build.0 = Debug|Any CPU
		{0C1EC1FB-A67C-469A-8D8D-7E0B1C787FD4}.Release|Any CPU.ActiveCfg = Release|Any CPU
		{0C1EC1FB-A67C-469A-8D8D-7E0B1C787FD4}.Release|Any CPU.Build.0 = Release|Any CPU
	EndGlobalSection
	GlobalSection(SolutionProperties) = preSolution
		HideSolutionNode = FALSE
	EndGlobalSection
EndGlobal
