
Microsoft Visual Studio Solution File, Format Version 12.00
# Visual Studio Version 17
VisualStudioVersion = 17.12.35707.178
MinimumVisualStudioVersion = 10.0.40219.1
Project("{FAE04EC0-301F-11D3-BF4B-00C04F79EFBC}") = "WPF_Task_1_1", "WPF_Task_1_1\WPF_Task_1_1.csproj", "{B9A6F395-080E-44A5-970A-9DC7A3B428E2}"
EndProject
Project("{FAE04EC0-301F-11D3-BF4B-00C04F79EFBC}") = "WPF_Task_1_2", "WPF_Task_1_2\WPF_Task_1_2.csproj", "{E030EC9C-3AFF-4D6B-B2A2-FC9D204DBB56}"
EndProject
Project("{FAE04EC0-301F-11D3-BF4B-00C04F79EFBC}") = "WPF_Task_1_3", "WPF_Task_1_3\WPF_Task_1_3.csproj", "{76521454-7FDC-4C1A-A69D-E6CFE7306B84}"
EndProject
Project("{FAE04EC0-301F-11D3-BF4B-00C04F79EFBC}") = "Task_2_4", "Task_2_4\Task_2_4.csproj", "{7B4B4D45-FF11-40A2-A3BD-B408AFC626D6}"
EndProject
Project("{FAE04EC0-301F-11D3-BF4B-00C04F79EFBC}") = "Task_2_5", "Task_2_5\Task_2_5.csproj", "{13C5776C-1D68-4F7E-B37C-A79D90DB35FD}"
EndProject
Project("{FAE04EC0-301F-11D3-BF4B-00C04F79EFBC}") = "Task_2_6", "Task_2_6\Task_2_6.csproj", "{27B22199-FAC1-4569-B8CB-1A79FA56249D}"
EndProject
Project("{FAE04EC0-301F-11D3-BF4B-00C04F79EFBC}") = "Task_2_7", "Task_2_7\Task_2_7.csproj", "{9B55FB65-1D2B-4788-A6C1-D7FC5ECF4657}"
EndProject
Project("{FAE04EC0-301F-11D3-BF4B-00C04F79EFBC}") = "Task_3_1", "Task_3_1\Task_3_1.csproj", "{F1AE1298-EED0-4476-92C7-B9B14B5644AF}"
EndProject
Project("{FAE04EC0-301F-11D3-BF4B-00C04F79EFBC}") = "Task_3_2", "Task_3_2\Task_3_2.csproj", "{6DEF0D51-679F-4875-AF2D-5288563FE528}"
EndProject
Project("{FAE04EC0-301F-11D3-BF4B-00C04F79EFBC}") = "Task_3_3", "Task_3_3\Task_3_3.csproj", "{E30F3A56-37FA-4590-B17E-2ABA68475885}"
EndProject
Project("{FAE04EC0-301F-11D3-BF4B-00C04F79EFBC}") = "Task_3_4", "Task_3_4\Task_3_4.csproj", "{510ECD0D-7673-4D30-83A2-EAF162F6B0CB}"
EndProject
Project("{FAE04EC0-301F-11D3-BF4B-00C04F79EFBC}") = "Task_3_5-9", "Task_3_5-9\Task_3_5-9.csproj", "{66B7F908-29A8-40BF-BD5B-9CE9BDC87F3F}"
EndProject
Project("{FAE04EC0-301F-11D3-BF4B-00C04F79EFBC}") = "Task_3_10", "Task_3_10\Task_3_10.csproj", "{BD7F0180-B930-4DC7-97DD-05D6246E3963}"
EndProject
Project("{FAE04EC0-301F-11D3-BF4B-00C04F79EFBC}") = "Task_3_11", "Task_3_11\Task_3_11.csproj", "{6A635CDB-AF75-465A-9265-412FFE253B62}"
EndProject
Project("{FAE04EC0-301F-11D3-BF4B-00C04F79EFBC}") = "Task_5_1", "Task_5_1\Task_5_1.csproj", "{7784E469-CB1C-453D-BCAA-9837E46C62BE}"
EndProject
Project("{FAE04EC0-301F-11D3-BF4B-00C04F79EFBC}") = "Task_5_2", "Task_5_2\Task_5_2.csproj", "{EF8C0357-D591-4F5C-BD62-2C23E33EB29E}"
EndProject
Project("{FAE04EC0-301F-11D3-BF4B-00C04F79EFBC}") = "Task_5_3", "Task_5_3\Task_5_3.csproj", "{C2609600-F531-4DC7-86BF-FBBEC8728011}"
EndProject
Project("{FAE04EC0-301F-11D3-BF4B-00C04F79EFBC}") = "Task_5_4", "Task_5_4\Task_5_4.csproj", "{20B29130-0C08-4837-BD1D-358664EBB18E}"
EndProject
Project("{FAE04EC0-301F-11D3-BF4B-00C04F79EFBC}") = "Task_5_5", "Task_5_5\Task_5_5.csproj", "{E89570B9-8AB9-45F0-9C3E-1942F132D3E4}"
EndProject
Project("{FAE04EC0-301F-11D3-BF4B-00C04F79EFBC}") = "Task_5_6", "Task_5_6\Task_5_6.csproj", "{0A72AFEB-9C22-4CCC-9E10-BB67E777BE68}"
EndProject
Project("{FAE04EC0-301F-11D3-BF4B-00C04F79EFBC}") = "Task_5_7", "Task_5_7\Task_5_7.csproj", "{1F55335C-1252-4926-B967-3B98D2CB633C}"
EndProject
Project("{FAE04EC0-301F-11D3-BF4B-00C04F79EFBC}") = "Task_5_8", "Task_5_8\Task_5_8.csproj", "{4DC34330-6902-4285-8F7E-61ACEAD63F14}"
EndProject
Project("{FAE04EC0-301F-11D3-BF4B-00C04F79EFBC}") = "Task_5_9", "Task_5_9\Task_5_9.csproj", "{FE15559A-13B0-488A-971B-FB2B948035FA}"
EndProject
Project("{FAE04EC0-301F-11D3-BF4B-00C04F79EFBC}") = "Task_5_10", "Task_5_10\Task_5_10.csproj", "{FD33F861-B0EF-4E2A-850C-2ACC2FBFDE1F}"
EndProject
Project("{FAE04EC0-301F-11D3-BF4B-00C04F79EFBC}") = "Task_9_1", "Task_9_1\Task_9_1.csproj", "{ED0F0927-70D6-4B53-A457-59F5E6D00990}"
EndProject
Project("{FAE04EC0-301F-11D3-BF4B-00C04F79EFBC}") = "Task_9_2", "Task_9_2\Task_9_2.csproj", "{1412B8D5-0378-43A2-B481-11078913CB62}"
EndProject
Project("{FAE04EC0-301F-11D3-BF4B-00C04F79EFBC}") = "Task_14_1", "Task_14_1\Task_14_1.csproj", "{BB0D2C03-3C31-4777-94B6-F29FAB6F2903}"
EndProject
Project("{FAE04EC0-301F-11D3-BF4B-00C04F79EFBC}") = "Task_14_2", "Task_14_2\Task_14_2.csproj", "{0EC8FAF4-3B40-4E2A-B2EF-93439E7D3B2E}"
EndProject
Project("{FAE04EC0-301F-11D3-BF4B-00C04F79EFBC}") = "Task_10_1", "Task_10_1\Task_10_1.csproj", "{A5C6E5B4-4800-465E-B7DC-3DDA0A891B36}"
EndProject
Project("{FAE04EC0-301F-11D3-BF4B-00C04F79EFBC}") = "Task_11_1", "Task_11_1\Task_11_1.csproj", "{7660ADDE-5AD9-4715-8AE9-E48E7620DD5F}"
EndProject
Project("{FAE04EC0-301F-11D3-BF4B-00C04F79EFBC}") = "Task_11_2", "Task_11_2\Task_11_2.csproj", "{279C2D3D-1DC7-476B-B9EE-3ECBDA2A5043}"
EndProject
Project("{FAE04EC0-301F-11D3-BF4B-00C04F79EFBC}") = "Task_12_1", "Task_12_1\Task_12_1.csproj", "{4B2D1356-99B9-4C60-B468-34809FF9E1E8}"
EndProject
Project("{FAE04EC0-301F-11D3-BF4B-00C04F79EFBC}") = "Task_17_1", "Task_17_1\Task_17_1.csproj", "{B2D4486D-DEB3-47C9-AE49-8B6EC8F5CCBD}"
EndProject
Project("{FAE04EC0-301F-11D3-BF4B-00C04F79EFBC}") = "Test 1", "Test 1\Test 1.csproj", "{74B32713-844A-4343-9F6B-81D0FBECDAC6}"
EndProject
Project("{FAE04EC0-301F-11D3-BF4B-00C04F79EFBC}") = "WPF_Task_2_1", "WPF_Task_2_1\WPF_Task_2_1.csproj", "{47BE89B8-48A5-418E-8EA8-CDC4F277C7A7}"
EndProject
Project("{FAE04EC0-301F-11D3-BF4B-00C04F79EFBC}") = "WPF_Task_3_1", "WPF_Task_3_1\WPF_Task_3_1.csproj", "{CB7C2D4E-361D-4C65-A307-4C7EEA33B2AC}"
EndProject
Project("{FAE04EC0-301F-11D3-BF4B-00C04F79EFBC}") = "WPF_Task_4_1", "WPF_Task_4_1\WPF_Task_4_1.csproj", "{A61F7A78-F87B-440E-A10A-91651F7C521C}"
EndProject
Project("{FAE04EC0-301F-11D3-BF4B-00C04F79EFBC}") = "WPF_Task_5_1", "WPF_Task_5_1\WPF_Task_5_1.csproj", "{6290BADB-EC7C-4BFA-8CAF-15BB6655A828}"
EndProject
Project("{FAE04EC0-301F-11D3-BF4B-00C04F79EFBC}") = "TTest", "TTest\TTest.csproj", "{1A819AB1-D91C-4AC6-9A11-35B28C0C6F2E}"
EndProject
Project("{FAE04EC0-301F-11D3-BF4B-00C04F79EFBC}") = "WPF_Task_6_1", "WPF_Task_6_1\WPF_Task_6_1.csproj", "{06E22136-BA83-4AEB-A99B-5950907AB0DF}"
EndProject
Project("{FAE04EC0-301F-11D3-BF4B-00C04F79EFBC}") = "WPF_Task_7_1", "WPF_Task_7_1\WPF_Task_7_1.csproj", "{63055B56-7CDF-4CD4-A0AB-4D49EB98E0FE}"
EndProject
Project("{FAE04EC0-301F-11D3-BF4B-00C04F79EFBC}") = "WPF_Task_8_1", "WPF_Task_8_1\WPF_Task_8_1.csproj", "{921FF5B1-4DD3-4DF3-858D-5C884F31E3D3}"
EndProject
Project("{FAE04EC0-301F-11D3-BF4B-00C04F79EFBC}") = "WPF_TEST_9", "WPF_TEST_9\WPF_TEST_9.csproj", "{9F605592-0AE8-4BC5-ABD4-BFDFFD59D370}"
EndProject
Project("{FAE04EC0-301F-11D3-BF4B-00C04F79EFBC}") = "WPF_Task_9_1", "WPF_Task_9_1\WPF_Task_9_1.csproj", "{D9C3071B-F119-4DF5-9575-C375B61E6A1A}"
EndProject
Global
	GlobalSection(SolutionConfigurationPlatforms) = preSolution
		Debug|Any CPU = Debug|Any CPU
		Release|Any CPU = Release|Any CPU
	EndGlobalSection
	GlobalSection(ProjectConfigurationPlatforms) = postSolution
		{B9A6F395-080E-44A5-970A-9DC7A3B428E2}.Debug|Any CPU.ActiveCfg = Debug|Any CPU
		{B9A6F395-080E-44A5-970A-9DC7A3B428E2}.Debug|Any CPU.Build.0 = Debug|Any CPU
		{B9A6F395-080E-44A5-970A-9DC7A3B428E2}.Release|Any CPU.ActiveCfg = Release|Any CPU
		{B9A6F395-080E-44A5-970A-9DC7A3B428E2}.Release|Any CPU.Build.0 = Release|Any CPU
		{E030EC9C-3AFF-4D6B-B2A2-FC9D204DBB56}.Debug|Any CPU.ActiveCfg = Debug|Any CPU
		{E030EC9C-3AFF-4D6B-B2A2-FC9D204DBB56}.Debug|Any CPU.Build.0 = Debug|Any CPU
		{E030EC9C-3AFF-4D6B-B2A2-FC9D204DBB56}.Release|Any CPU.ActiveCfg = Release|Any CPU
		{E030EC9C-3AFF-4D6B-B2A2-FC9D204DBB56}.Release|Any CPU.Build.0 = Release|Any CPU
		{76521454-7FDC-4C1A-A69D-E6CFE7306B84}.Debug|Any CPU.ActiveCfg = Debug|Any CPU
		{76521454-7FDC-4C1A-A69D-E6CFE7306B84}.Debug|Any CPU.Build.0 = Debug|Any CPU
		{76521454-7FDC-4C1A-A69D-E6CFE7306B84}.Release|Any CPU.ActiveCfg = Release|Any CPU
		{76521454-7FDC-4C1A-A69D-E6CFE7306B84}.Release|Any CPU.Build.0 = Release|Any CPU
		{7B4B4D45-FF11-40A2-A3BD-B408AFC626D6}.Debug|Any CPU.ActiveCfg = Debug|Any CPU
		{7B4B4D45-FF11-40A2-A3BD-B408AFC626D6}.Debug|Any CPU.Build.0 = Debug|Any CPU
		{7B4B4D45-FF11-40A2-A3BD-B408AFC626D6}.Release|Any CPU.ActiveCfg = Release|Any CPU
		{7B4B4D45-FF11-40A2-A3BD-B408AFC626D6}.Release|Any CPU.Build.0 = Release|Any CPU
		{13C5776C-1D68-4F7E-B37C-A79D90DB35FD}.Debug|Any CPU.ActiveCfg = Debug|Any CPU
		{13C5776C-1D68-4F7E-B37C-A79D90DB35FD}.Debug|Any CPU.Build.0 = Debug|Any CPU
		{13C5776C-1D68-4F7E-B37C-A79D90DB35FD}.Release|Any CPU.ActiveCfg = Release|Any CPU
		{13C5776C-1D68-4F7E-B37C-A79D90DB35FD}.Release|Any CPU.Build.0 = Release|Any CPU
		{27B22199-FAC1-4569-B8CB-1A79FA56249D}.Debug|Any CPU.ActiveCfg = Debug|Any CPU
		{27B22199-FAC1-4569-B8CB-1A79FA56249D}.Debug|Any CPU.Build.0 = Debug|Any CPU
		{27B22199-FAC1-4569-B8CB-1A79FA56249D}.Release|Any CPU.ActiveCfg = Release|Any CPU
		{27B22199-FAC1-4569-B8CB-1A79FA56249D}.Release|Any CPU.Build.0 = Release|Any CPU
		{9B55FB65-1D2B-4788-A6C1-D7FC5ECF4657}.Debug|Any CPU.ActiveCfg = Debug|Any CPU
		{9B55FB65-1D2B-4788-A6C1-D7FC5ECF4657}.Debug|Any CPU.Build.0 = Debug|Any CPU
		{9B55FB65-1D2B-4788-A6C1-D7FC5ECF4657}.Release|Any CPU.ActiveCfg = Release|Any CPU
		{9B55FB65-1D2B-4788-A6C1-D7FC5ECF4657}.Release|Any CPU.Build.0 = Release|Any CPU
		{F1AE1298-EED0-4476-92C7-B9B14B5644AF}.Debug|Any CPU.ActiveCfg = Debug|Any CPU
		{F1AE1298-EED0-4476-92C7-B9B14B5644AF}.Debug|Any CPU.Build.0 = Debug|Any CPU
		{F1AE1298-EED0-4476-92C7-B9B14B5644AF}.Release|Any CPU.ActiveCfg = Release|Any CPU
		{F1AE1298-EED0-4476-92C7-B9B14B5644AF}.Release|Any CPU.Build.0 = Release|Any CPU
		{6DEF0D51-679F-4875-AF2D-5288563FE528}.Debug|Any CPU.ActiveCfg = Debug|Any CPU
		{6DEF0D51-679F-4875-AF2D-5288563FE528}.Debug|Any CPU.Build.0 = Debug|Any CPU
		{6DEF0D51-679F-4875-AF2D-5288563FE528}.Release|Any CPU.ActiveCfg = Release|Any CPU
		{6DEF0D51-679F-4875-AF2D-5288563FE528}.Release|Any CPU.Build.0 = Release|Any CPU
		{E30F3A56-37FA-4590-B17E-2ABA68475885}.Debug|Any CPU.ActiveCfg = Debug|Any CPU
		{E30F3A56-37FA-4590-B17E-2ABA68475885}.Debug|Any CPU.Build.0 = Debug|Any CPU
		{E30F3A56-37FA-4590-B17E-2ABA68475885}.Release|Any CPU.ActiveCfg = Release|Any CPU
		{E30F3A56-37FA-4590-B17E-2ABA68475885}.Release|Any CPU.Build.0 = Release|Any CPU
		{510ECD0D-7673-4D30-83A2-EAF162F6B0CB}.Debug|Any CPU.ActiveCfg = Debug|Any CPU
		{510ECD0D-7673-4D30-83A2-EAF162F6B0CB}.Debug|Any CPU.Build.0 = Debug|Any CPU
		{510ECD0D-7673-4D30-83A2-EAF162F6B0CB}.Release|Any CPU.ActiveCfg = Release|Any CPU
		{510ECD0D-7673-4D30-83A2-EAF162F6B0CB}.Release|Any CPU.Build.0 = Release|Any CPU
		{66B7F908-29A8-40BF-BD5B-9CE9BDC87F3F}.Debug|Any CPU.ActiveCfg = Debug|Any CPU
		{66B7F908-29A8-40BF-BD5B-9CE9BDC87F3F}.Debug|Any CPU.Build.0 = Debug|Any CPU
		{66B7F908-29A8-40BF-BD5B-9CE9BDC87F3F}.Release|Any CPU.ActiveCfg = Release|Any CPU
		{66B7F908-29A8-40BF-BD5B-9CE9BDC87F3F}.Release|Any CPU.Build.0 = Release|Any CPU
		{BD7F0180-B930-4DC7-97DD-05D6246E3963}.Debug|Any CPU.ActiveCfg = Debug|Any CPU
		{BD7F0180-B930-4DC7-97DD-05D6246E3963}.Debug|Any CPU.Build.0 = Debug|Any CPU
		{BD7F0180-B930-4DC7-97DD-05D6246E3963}.Release|Any CPU.ActiveCfg = Release|Any CPU
		{BD7F0180-B930-4DC7-97DD-05D6246E3963}.Release|Any CPU.Build.0 = Release|Any CPU
		{6A635CDB-AF75-465A-9265-412FFE253B62}.Debug|Any CPU.ActiveCfg = Debug|Any CPU
		{6A635CDB-AF75-465A-9265-412FFE253B62}.Debug|Any CPU.Build.0 = Debug|Any CPU
		{6A635CDB-AF75-465A-9265-412FFE253B62}.Release|Any CPU.ActiveCfg = Release|Any CPU
		{6A635CDB-AF75-465A-9265-412FFE253B62}.Release|Any CPU.Build.0 = Release|Any CPU
		{7784E469-CB1C-453D-BCAA-9837E46C62BE}.Debug|Any CPU.ActiveCfg = Debug|Any CPU
		{7784E469-CB1C-453D-BCAA-9837E46C62BE}.Debug|Any CPU.Build.0 = Debug|Any CPU
		{7784E469-CB1C-453D-BCAA-9837E46C62BE}.Release|Any CPU.ActiveCfg = Release|Any CPU
		{7784E469-CB1C-453D-BCAA-9837E46C62BE}.Release|Any CPU.Build.0 = Release|Any CPU
		{EF8C0357-D591-4F5C-BD62-2C23E33EB29E}.Debug|Any CPU.ActiveCfg = Debug|Any CPU
		{EF8C0357-D591-4F5C-BD62-2C23E33EB29E}.Debug|Any CPU.Build.0 = Debug|Any CPU
		{EF8C0357-D591-4F5C-BD62-2C23E33EB29E}.Release|Any CPU.ActiveCfg = Release|Any CPU
		{EF8C0357-D591-4F5C-BD62-2C23E33EB29E}.Release|Any CPU.Build.0 = Release|Any CPU
		{C2609600-F531-4DC7-86BF-FBBEC8728011}.Debug|Any CPU.ActiveCfg = Debug|Any CPU
		{C2609600-F531-4DC7-86BF-FBBEC8728011}.Debug|Any CPU.Build.0 = Debug|Any CPU
		{C2609600-F531-4DC7-86BF-FBBEC8728011}.Release|Any CPU.ActiveCfg = Release|Any CPU
		{C2609600-F531-4DC7-86BF-FBBEC8728011}.Release|Any CPU.Build.0 = Release|Any CPU
		{20B29130-0C08-4837-BD1D-358664EBB18E}.Debug|Any CPU.ActiveCfg = Debug|Any CPU
		{20B29130-0C08-4837-BD1D-358664EBB18E}.Debug|Any CPU.Build.0 = Debug|Any CPU
		{20B29130-0C08-4837-BD1D-358664EBB18E}.Release|Any CPU.ActiveCfg = Release|Any CPU
		{20B29130-0C08-4837-BD1D-358664EBB18E}.Release|Any CPU.Build.0 = Release|Any CPU
		{E89570B9-8AB9-45F0-9C3E-1942F132D3E4}.Debug|Any CPU.ActiveCfg = Debug|Any CPU
		{E89570B9-8AB9-45F0-9C3E-1942F132D3E4}.Debug|Any CPU.Build.0 = Debug|Any CPU
		{E89570B9-8AB9-45F0-9C3E-1942F132D3E4}.Release|Any CPU.ActiveCfg = Release|Any CPU
		{E89570B9-8AB9-45F0-9C3E-1942F132D3E4}.Release|Any CPU.Build.0 = Release|Any CPU
		{0A72AFEB-9C22-4CCC-9E10-BB67E777BE68}.Debug|Any CPU.ActiveCfg = Debug|Any CPU
		{0A72AFEB-9C22-4CCC-9E10-BB67E777BE68}.Debug|Any CPU.Build.0 = Debug|Any CPU
		{0A72AFEB-9C22-4CCC-9E10-BB67E777BE68}.Release|Any CPU.ActiveCfg = Release|Any CPU
		{0A72AFEB-9C22-4CCC-9E10-BB67E777BE68}.Release|Any CPU.Build.0 = Release|Any CPU
		{1F55335C-1252-4926-B967-3B98D2CB633C}.Debug|Any CPU.ActiveCfg = Debug|Any CPU
		{1F55335C-1252-4926-B967-3B98D2CB633C}.Debug|Any CPU.Build.0 = Debug|Any CPU
		{1F55335C-1252-4926-B967-3B98D2CB633C}.Release|Any CPU.ActiveCfg = Release|Any CPU
		{1F55335C-1252-4926-B967-3B98D2CB633C}.Release|Any CPU.Build.0 = Release|Any CPU
		{4DC34330-6902-4285-8F7E-61ACEAD63F14}.Debug|Any CPU.ActiveCfg = Debug|Any CPU
		{4DC34330-6902-4285-8F7E-61ACEAD63F14}.Debug|Any CPU.Build.0 = Debug|Any CPU
		{4DC34330-6902-4285-8F7E-61ACEAD63F14}.Release|Any CPU.ActiveCfg = Release|Any CPU
		{4DC34330-6902-4285-8F7E-61ACEAD63F14}.Release|Any CPU.Build.0 = Release|Any CPU
		{FE15559A-13B0-488A-971B-FB2B948035FA}.Debug|Any CPU.ActiveCfg = Debug|Any CPU
		{FE15559A-13B0-488A-971B-FB2B948035FA}.Debug|Any CPU.Build.0 = Debug|Any CPU
		{FE15559A-13B0-488A-971B-FB2B948035FA}.Release|Any CPU.ActiveCfg = Release|Any CPU
		{FE15559A-13B0-488A-971B-FB2B948035FA}.Release|Any CPU.Build.0 = Release|Any CPU
		{FD33F861-B0EF-4E2A-850C-2ACC2FBFDE1F}.Debug|Any CPU.ActiveCfg = Debug|Any CPU
		{FD33F861-B0EF-4E2A-850C-2ACC2FBFDE1F}.Debug|Any CPU.Build.0 = Debug|Any CPU
		{FD33F861-B0EF-4E2A-850C-2ACC2FBFDE1F}.Release|Any CPU.ActiveCfg = Release|Any CPU
		{FD33F861-B0EF-4E2A-850C-2ACC2FBFDE1F}.Release|Any CPU.Build.0 = Release|Any CPU
		{ED0F0927-70D6-4B53-A457-59F5E6D00990}.Debug|Any CPU.ActiveCfg = Debug|Any CPU
		{ED0F0927-70D6-4B53-A457-59F5E6D00990}.Debug|Any CPU.Build.0 = Debug|Any CPU
		{ED0F0927-70D6-4B53-A457-59F5E6D00990}.Release|Any CPU.ActiveCfg = Release|Any CPU
		{ED0F0927-70D6-4B53-A457-59F5E6D00990}.Release|Any CPU.Build.0 = Release|Any CPU
		{1412B8D5-0378-43A2-B481-11078913CB62}.Debug|Any CPU.ActiveCfg = Debug|Any CPU
		{1412B8D5-0378-43A2-B481-11078913CB62}.Debug|Any CPU.Build.0 = Debug|Any CPU
		{1412B8D5-0378-43A2-B481-11078913CB62}.Release|Any CPU.ActiveCfg = Release|Any CPU
		{1412B8D5-0378-43A2-B481-11078913CB62}.Release|Any CPU.Build.0 = Release|Any CPU
		{BB0D2C03-3C31-4777-94B6-F29FAB6F2903}.Debug|Any CPU.ActiveCfg = Debug|Any CPU
		{BB0D2C03-3C31-4777-94B6-F29FAB6F2903}.Debug|Any CPU.Build.0 = Debug|Any CPU
		{BB0D2C03-3C31-4777-94B6-F29FAB6F2903}.Release|Any CPU.ActiveCfg = Release|Any CPU
		{BB0D2C03-3C31-4777-94B6-F29FAB6F2903}.Release|Any CPU.Build.0 = Release|Any CPU
		{0EC8FAF4-3B40-4E2A-B2EF-93439E7D3B2E}.Debug|Any CPU.ActiveCfg = Debug|Any CPU
		{0EC8FAF4-3B40-4E2A-B2EF-93439E7D3B2E}.Debug|Any CPU.Build.0 = Debug|Any CPU
		{0EC8FAF4-3B40-4E2A-B2EF-93439E7D3B2E}.Release|Any CPU.ActiveCfg = Release|Any CPU
		{0EC8FAF4-3B40-4E2A-B2EF-93439E7D3B2E}.Release|Any CPU.Build.0 = Release|Any CPU
		{A5C6E5B4-4800-465E-B7DC-3DDA0A891B36}.Debug|Any CPU.ActiveCfg = Debug|Any CPU
		{A5C6E5B4-4800-465E-B7DC-3DDA0A891B36}.Debug|Any CPU.Build.0 = Debug|Any CPU
		{A5C6E5B4-4800-465E-B7DC-3DDA0A891B36}.Release|Any CPU.ActiveCfg = Release|Any CPU
		{A5C6E5B4-4800-465E-B7DC-3DDA0A891B36}.Release|Any CPU.Build.0 = Release|Any CPU
		{7660ADDE-5AD9-4715-8AE9-E48E7620DD5F}.Debug|Any CPU.ActiveCfg = Debug|Any CPU
		{7660ADDE-5AD9-4715-8AE9-E48E7620DD5F}.Debug|Any CPU.Build.0 = Debug|Any CPU
		{7660ADDE-5AD9-4715-8AE9-E48E7620DD5F}.Release|Any CPU.ActiveCfg = Release|Any CPU
		{7660ADDE-5AD9-4715-8AE9-E48E7620DD5F}.Release|Any CPU.Build.0 = Release|Any CPU
		{279C2D3D-1DC7-476B-B9EE-3ECBDA2A5043}.Debug|Any CPU.ActiveCfg = Debug|Any CPU
		{279C2D3D-1DC7-476B-B9EE-3ECBDA2A5043}.Debug|Any CPU.Build.0 = Debug|Any CPU
		{279C2D3D-1DC7-476B-B9EE-3ECBDA2A5043}.Release|Any CPU.ActiveCfg = Release|Any CPU
		{279C2D3D-1DC7-476B-B9EE-3ECBDA2A5043}.Release|Any CPU.Build.0 = Release|Any CPU
		{4B2D1356-99B9-4C60-B468-34809FF9E1E8}.Debug|Any CPU.ActiveCfg = Debug|Any CPU
		{4B2D1356-99B9-4C60-B468-34809FF9E1E8}.Debug|Any CPU.Build.0 = Debug|Any CPU
		{4B2D1356-99B9-4C60-B468-34809FF9E1E8}.Release|Any CPU.ActiveCfg = Release|Any CPU
		{4B2D1356-99B9-4C60-B468-34809FF9E1E8}.Release|Any CPU.Build.0 = Release|Any CPU
		{B2D4486D-DEB3-47C9-AE49-8B6EC8F5CCBD}.Debug|Any CPU.ActiveCfg = Debug|Any CPU
		{B2D4486D-DEB3-47C9-AE49-8B6EC8F5CCBD}.Debug|Any CPU.Build.0 = Debug|Any CPU
		{B2D4486D-DEB3-47C9-AE49-8B6EC8F5CCBD}.Release|Any CPU.ActiveCfg = Release|Any CPU
		{B2D4486D-DEB3-47C9-AE49-8B6EC8F5CCBD}.Release|Any CPU.Build.0 = Release|Any CPU
		{74B32713-844A-4343-9F6B-81D0FBECDAC6}.Debug|Any CPU.ActiveCfg = Debug|Any CPU
		{74B32713-844A-4343-9F6B-81D0FBECDAC6}.Debug|Any CPU.Build.0 = Debug|Any CPU
		{74B32713-844A-4343-9F6B-81D0FBECDAC6}.Release|Any CPU.ActiveCfg = Release|Any CPU
		{74B32713-844A-4343-9F6B-81D0FBECDAC6}.Release|Any CPU.Build.0 = Release|Any CPU
		{47BE89B8-48A5-418E-8EA8-CDC4F277C7A7}.Debug|Any CPU.ActiveCfg = Debug|Any CPU
		{47BE89B8-48A5-418E-8EA8-CDC4F277C7A7}.Debug|Any CPU.Build.0 = Debug|Any CPU
		{47BE89B8-48A5-418E-8EA8-CDC4F277C7A7}.Release|Any CPU.ActiveCfg = Release|Any CPU
		{47BE89B8-48A5-418E-8EA8-CDC4F277C7A7}.Release|Any CPU.Build.0 = Release|Any CPU
		{CB7C2D4E-361D-4C65-A307-4C7EEA33B2AC}.Debug|Any CPU.ActiveCfg = Debug|Any CPU
		{CB7C2D4E-361D-4C65-A307-4C7EEA33B2AC}.Debug|Any CPU.Build.0 = Debug|Any CPU
		{CB7C2D4E-361D-4C65-A307-4C7EEA33B2AC}.Release|Any CPU.ActiveCfg = Release|Any CPU
		{CB7C2D4E-361D-4C65-A307-4C7EEA33B2AC}.Release|Any CPU.Build.0 = Release|Any CPU
		{A61F7A78-F87B-440E-A10A-91651F7C521C}.Debug|Any CPU.ActiveCfg = Debug|Any CPU
		{A61F7A78-F87B-440E-A10A-91651F7C521C}.Debug|Any CPU.Build.0 = Debug|Any CPU
		{A61F7A78-F87B-440E-A10A-91651F7C521C}.Release|Any CPU.ActiveCfg = Release|Any CPU
		{A61F7A78-F87B-440E-A10A-91651F7C521C}.Release|Any CPU.Build.0 = Release|Any CPU
		{6290BADB-EC7C-4BFA-8CAF-15BB6655A828}.Debug|Any CPU.ActiveCfg = Debug|Any CPU
		{6290BADB-EC7C-4BFA-8CAF-15BB6655A828}.Debug|Any CPU.Build.0 = Debug|Any CPU
		{6290BADB-EC7C-4BFA-8CAF-15BB6655A828}.Release|Any CPU.ActiveCfg = Release|Any CPU
		{6290BADB-EC7C-4BFA-8CAF-15BB6655A828}.Release|Any CPU.Build.0 = Release|Any CPU
		{1A819AB1-D91C-4AC6-9A11-35B28C0C6F2E}.Debug|Any CPU.ActiveCfg = Debug|Any CPU
		{1A819AB1-D91C-4AC6-9A11-35B28C0C6F2E}.Debug|Any CPU.Build.0 = Debug|Any CPU
		{1A819AB1-D91C-4AC6-9A11-35B28C0C6F2E}.Release|Any CPU.ActiveCfg = Release|Any CPU
		{1A819AB1-D91C-4AC6-9A11-35B28C0C6F2E}.Release|Any CPU.Build.0 = Release|Any CPU
		{06E22136-BA83-4AEB-A99B-5950907AB0DF}.Debug|Any CPU.ActiveCfg = Debug|Any CPU
		{06E22136-BA83-4AEB-A99B-5950907AB0DF}.Debug|Any CPU.Build.0 = Debug|Any CPU
		{06E22136-BA83-4AEB-A99B-5950907AB0DF}.Release|Any CPU.ActiveCfg = Release|Any CPU
		{06E22136-BA83-4AEB-A99B-5950907AB0DF}.Release|Any CPU.Build.0 = Release|Any CPU
		{63055B56-7CDF-4CD4-A0AB-4D49EB98E0FE}.Debug|Any CPU.ActiveCfg = Debug|Any CPU
		{63055B56-7CDF-4CD4-A0AB-4D49EB98E0FE}.Debug|Any CPU.Build.0 = Debug|Any CPU
		{63055B56-7CDF-4CD4-A0AB-4D49EB98E0FE}.Release|Any CPU.ActiveCfg = Release|Any CPU
		{63055B56-7CDF-4CD4-A0AB-4D49EB98E0FE}.Release|Any CPU.Build.0 = Release|Any CPU
		{921FF5B1-4DD3-4DF3-858D-5C884F31E3D3}.Debug|Any CPU.ActiveCfg = Debug|Any CPU
		{921FF5B1-4DD3-4DF3-858D-5C884F31E3D3}.Debug|Any CPU.Build.0 = Debug|Any CPU
		{921FF5B1-4DD3-4DF3-858D-5C884F31E3D3}.Release|Any CPU.ActiveCfg = Release|Any CPU
		{921FF5B1-4DD3-4DF3-858D-5C884F31E3D3}.Release|Any CPU.Build.0 = Release|Any CPU
		{9F605592-0AE8-4BC5-ABD4-BFDFFD59D370}.Debug|Any CPU.ActiveCfg = Debug|Any CPU
		{9F605592-0AE8-4BC5-ABD4-BFDFFD59D370}.Debug|Any CPU.Build.0 = Debug|Any CPU
		{9F605592-0AE8-4BC5-ABD4-BFDFFD59D370}.Release|Any CPU.ActiveCfg = Release|Any CPU
		{9F605592-0AE8-4BC5-ABD4-BFDFFD59D370}.Release|Any CPU.Build.0 = Release|Any CPU
		{D9C3071B-F119-4DF5-9575-C375B61E6A1A}.Debug|Any CPU.ActiveCfg = Debug|Any CPU
		{D9C3071B-F119-4DF5-9575-C375B61E6A1A}.Debug|Any CPU.Build.0 = Debug|Any CPU
		{D9C3071B-F119-4DF5-9575-C375B61E6A1A}.Release|Any CPU.ActiveCfg = Release|Any CPU
		{D9C3071B-F119-4DF5-9575-C375B61E6A1A}.Release|Any CPU.Build.0 = Release|Any CPU
	EndGlobalSection
	GlobalSection(SolutionProperties) = preSolution
		HideSolutionNode = FALSE
	EndGlobalSection
	GlobalSection(ExtensibilityGlobals) = postSolution
		SolutionGuid = {0250E63A-D0DC-4573-826E-0C3809999917}
	EndGlobalSection
EndGlobal
